
Microsoft Visual Studio Solution File, Format Version 12.00
# Visual Studio Version 16
VisualStudioVersion = 16.0.29905.134
MinimumVisualStudioVersion = 10.0.40219.1
Project("{FAE04EC0-301F-11D3-BF4B-00C04F79EFBC}") = "TestRubikCube", "TestRubikCube.csproj", "{99747BC0-DDB2-488E-9AD2-BB98B93B26D2}"
EndProject
Project("{FAE04EC0-301F-11D3-BF4B-00C04F79EFBC}") = "ClassLibrary1", "..\..\..\ClassLibrary1\ClassLibrary1\ClassLibrary1.csproj", "{E58A66C1-15E4-485A-8BC5-71D9CCCDA8B3}"
EndProject
Global
	GlobalSection(SolutionConfigurationPlatforms) = preSolution
		Debug|Any CPU = Debug|Any CPU
		Release|Any CPU = Release|Any CPU
	EndGlobalSection
	GlobalSection(ProjectConfigurationPlatforms) = postSolution
		{99747BC0-DDB2-488E-9AD2-BB98B93B26D2}.Debug|Any CPU.ActiveCfg = Debug|Any CPU
		{99747BC0-DDB2-488E-9AD2-BB98B93B26D2}.Debug|Any CPU.Build.0 = Debug|Any CPU
		{99747BC0-DDB2-488E-9AD2-BB98B93B26D2}.Release|Any CPU.ActiveCfg = Release|Any CPU
		{99747BC0-DDB2-488E-9AD2-BB98B93B26D2}.Release|Any CPU.Build.0 = Release|Any CPU
		{E58A66C1-15E4-485A-8BC5-71D9CCCDA8B3}.Debug|Any CPU.ActiveCfg = Debug|Any CPU
		{E58A66C1-15E4-485A-8BC5-71D9CCCDA8B3}.Debug|Any CPU.Build.0 = Debug|Any CPU
		{E58A66C1-15E4-485A-8BC5-71D9CCCDA8B3}.Release|Any CPU.ActiveCfg = Release|Any CPU
		{E58A66C1-15E4-485A-8BC5-71D9CCCDA8B3}.Release|Any CPU.Build.0 = Release|Any CPU
	EndGlobalSection
	GlobalSection(SolutionProperties) = preSolution
		HideSolutionNode = FALSE
	EndGlobalSection
	GlobalSection(ExtensibilityGlobals) = postSolution
		SolutionGuid = {E622D293-E2B7-4390-9029-FE44889A4A77}
	EndGlobalSection
EndGlobal
